// !$*UTF8*$!
{
	archiveVersion = 1;
	classes = {
	};
	objectVersion = 56;
	objects = {

/* Begin PBXBuildFile section */
		D2000F052A9765BE00F60E18 /* Networkmanager.swift in Sources */ = {isa = PBXBuildFile; fileRef = D2000F042A9765BE00F60E18 /* Networkmanager.swift */; };
		D2027A5F2A86856B00E5D94A /* AppDelegate.swift in Sources */ = {isa = PBXBuildFile; fileRef = D2027A5E2A86856B00E5D94A /* AppDelegate.swift */; };
		D2027A612A86856B00E5D94A /* SceneDelegate.swift in Sources */ = {isa = PBXBuildFile; fileRef = D2027A602A86856B00E5D94A /* SceneDelegate.swift */; };
		D2027A662A86856B00E5D94A /* Main.storyboard in Resources */ = {isa = PBXBuildFile; fileRef = D2027A642A86856B00E5D94A /* Main.storyboard */; };
		D2027A682A86856D00E5D94A /* Assets.xcassets in Resources */ = {isa = PBXBuildFile; fileRef = D2027A672A86856D00E5D94A /* Assets.xcassets */; };
		D2027A6B2A86856D00E5D94A /* LaunchScreen.storyboard in Resources */ = {isa = PBXBuildFile; fileRef = D2027A692A86856D00E5D94A /* LaunchScreen.storyboard */; };
		D211C4572A87A2B2001DF7C6 /* CustomTableViewCell.swift in Sources */ = {isa = PBXBuildFile; fileRef = D211C4562A87A2B2001DF7C6 /* CustomTableViewCell.swift */; };
		D253D61E2A8AA089001D7467 /* RealmDoors.swift in Sources */ = {isa = PBXBuildFile; fileRef = D253D61D2A8AA089001D7467 /* RealmDoors.swift */; };
		D253D6202A8ABEA8001D7467 /* EditViewController.swift in Sources */ = {isa = PBXBuildFile; fileRef = D253D61F2A8ABEA8001D7467 /* EditViewController.swift */; };
		D26390712A89040B00D81059 /* MainViewController.swift in Sources */ = {isa = PBXBuildFile; fileRef = D26390702A89040B00D81059 /* MainViewController.swift */; };
		D276CA932A8E43A7001DB7C8 /* IntercomeViewController.swift in Sources */ = {isa = PBXBuildFile; fileRef = D276CA922A8E43A7001DB7C8 /* IntercomeViewController.swift */; };
		D28A1BE62A86BBEF002BCEEC /* Circel-ExtraLight.otf in Resources */ = {isa = PBXBuildFile; fileRef = D28A1BE12A86BBEF002BCEEC /* Circel-ExtraLight.otf */; };
		D28A1BE72A86BBEF002BCEEC /* Circe-Bold.otf in Resources */ = {isa = PBXBuildFile; fileRef = D28A1BE22A86BBEF002BCEEC /* Circe-Bold.otf */; };
		D28A1BE82A86BBEF002BCEEC /* Circle-Light.otf in Resources */ = {isa = PBXBuildFile; fileRef = D28A1BE32A86BBEF002BCEEC /* Circle-Light.otf */; };
		D28A1BE92A86BBEF002BCEEC /* Circe-ExtraBold.otf in Resources */ = {isa = PBXBuildFile; fileRef = D28A1BE42A86BBEF002BCEEC /* Circe-ExtraBold.otf */; };
		D28A1BEA2A86BBEF002BCEEC /* Circle-Regular.otf in Resources */ = {isa = PBXBuildFile; fileRef = D28A1BE52A86BBEF002BCEEC /* Circle-Regular.otf */; };
		D290D2432A8A1299004D3BFF /* Realm in Frameworks */ = {isa = PBXBuildFile; productRef = D290D2422A8A1299004D3BFF /* Realm */; };
		D290D2452A8A1299004D3BFF /* RealmSwift in Frameworks */ = {isa = PBXBuildFile; productRef = D290D2442A8A1299004D3BFF /* RealmSwift */; };
		D290D2472A8A2DE9004D3BFF /* RealmCams.swift in Sources */ = {isa = PBXBuildFile; fileRef = D290D2462A8A2DE9004D3BFF /* RealmCams.swift */; };
		D2C216882A967199000190F4 /* Logger.swift in Sources */ = {isa = PBXBuildFile; fileRef = D2C216872A967199000190F4 /* Logger.swift */; };
		D2C2168B2A9675D4000190F4 /* DataManagerForRealm.swift in Sources */ = {isa = PBXBuildFile; fileRef = D2C2168A2A9675D4000190F4 /* DataManagerForRealm.swift */; };
		D2D2167D2A87F08B00068D5C /* Cams.swift in Sources */ = {isa = PBXBuildFile; fileRef = D2D2167C2A87F08B00068D5C /* Cams.swift */; };
		D2D216802A87F10A00068D5C /* Doors.swift in Sources */ = {isa = PBXBuildFile; fileRef = D2D2167F2A87F10A00068D5C /* Doors.swift */; };
		D2D43AC72A87610D00C4E477 /* UISegmentedControl+extensions.swift in Sources */ = {isa = PBXBuildFile; fileRef = D2D43AC62A87610D00C4E477 /* UISegmentedControl+extensions.swift */; };
		D2EC65172A877B89005D597F /* UIImage+extension.swift in Sources */ = {isa = PBXBuildFile; fileRef = D2EC65162A877B88005D597F /* UIImage+extension.swift */; };
/* End PBXBuildFile section */

/* Begin PBXFileReference section */
		D2000F042A9765BE00F60E18 /* Networkmanager.swift */ = {isa = PBXFileReference; lastKnownFileType = sourcecode.swift; path = Networkmanager.swift; sourceTree = "<group>"; };
		D2027A5B2A86856B00E5D94A /* VideoSurveillance.app */ = {isa = PBXFileReference; explicitFileType = wrapper.application; includeInIndex = 0; path = VideoSurveillance.app; sourceTree = BUILT_PRODUCTS_DIR; };
		D2027A5E2A86856B00E5D94A /* AppDelegate.swift */ = {isa = PBXFileReference; lastKnownFileType = sourcecode.swift; path = AppDelegate.swift; sourceTree = "<group>"; };
		D2027A602A86856B00E5D94A /* SceneDelegate.swift */ = {isa = PBXFileReference; lastKnownFileType = sourcecode.swift; path = SceneDelegate.swift; sourceTree = "<group>"; };
		D2027A652A86856B00E5D94A /* Base */ = {isa = PBXFileReference; lastKnownFileType = file.storyboard; name = Base; path = Base.lproj/Main.storyboard; sourceTree = "<group>"; };
		D2027A672A86856D00E5D94A /* Assets.xcassets */ = {isa = PBXFileReference; lastKnownFileType = folder.assetcatalog; path = Assets.xcassets; sourceTree = "<group>"; };
		D2027A6A2A86856D00E5D94A /* Base */ = {isa = PBXFileReference; lastKnownFileType = file.storyboard; name = Base; path = Base.lproj/LaunchScreen.storyboard; sourceTree = "<group>"; };
		D2027A6C2A86856D00E5D94A /* Info.plist */ = {isa = PBXFileReference; lastKnownFileType = text.plist.xml; path = Info.plist; sourceTree = "<group>"; };
		D211C4562A87A2B2001DF7C6 /* CustomTableViewCell.swift */ = {isa = PBXFileReference; lastKnownFileType = sourcecode.swift; path = CustomTableViewCell.swift; sourceTree = "<group>"; };
		D253D61D2A8AA089001D7467 /* RealmDoors.swift */ = {isa = PBXFileReference; lastKnownFileType = sourcecode.swift; path = RealmDoors.swift; sourceTree = "<group>"; };
		D253D61F2A8ABEA8001D7467 /* EditViewController.swift */ = {isa = PBXFileReference; lastKnownFileType = sourcecode.swift; path = EditViewController.swift; sourceTree = "<group>"; };
		D26390702A89040B00D81059 /* MainViewController.swift */ = {isa = PBXFileReference; lastKnownFileType = sourcecode.swift; path = MainViewController.swift; sourceTree = "<group>"; };
		D276CA922A8E43A7001DB7C8 /* IntercomeViewController.swift */ = {isa = PBXFileReference; lastKnownFileType = sourcecode.swift; path = IntercomeViewController.swift; sourceTree = "<group>"; };
		D28A1BE12A86BBEF002BCEEC /* Circel-ExtraLight.otf */ = {isa = PBXFileReference; lastKnownFileType = file; path = "Circel-ExtraLight.otf"; sourceTree = "<group>"; };
		D28A1BE22A86BBEF002BCEEC /* Circe-Bold.otf */ = {isa = PBXFileReference; lastKnownFileType = file; path = "Circe-Bold.otf"; sourceTree = "<group>"; };
		D28A1BE32A86BBEF002BCEEC /* Circle-Light.otf */ = {isa = PBXFileReference; lastKnownFileType = file; path = "Circle-Light.otf"; sourceTree = "<group>"; };
		D28A1BE42A86BBEF002BCEEC /* Circe-ExtraBold.otf */ = {isa = PBXFileReference; lastKnownFileType = file; path = "Circe-ExtraBold.otf"; sourceTree = "<group>"; };
		D28A1BE52A86BBEF002BCEEC /* Circle-Regular.otf */ = {isa = PBXFileReference; lastKnownFileType = file; path = "Circle-Regular.otf"; sourceTree = "<group>"; };
		D290D2462A8A2DE9004D3BFF /* RealmCams.swift */ = {isa = PBXFileReference; lastKnownFileType = sourcecode.swift; path = RealmCams.swift; sourceTree = "<group>"; };
		D2C216872A967199000190F4 /* Logger.swift */ = {isa = PBXFileReference; lastKnownFileType = sourcecode.swift; path = Logger.swift; sourceTree = "<group>"; };
		D2C2168A2A9675D4000190F4 /* DataManagerForRealm.swift */ = {isa = PBXFileReference; lastKnownFileType = sourcecode.swift; path = DataManagerForRealm.swift; sourceTree = "<group>"; };
		D2D2167C2A87F08B00068D5C /* Cams.swift */ = {isa = PBXFileReference; lastKnownFileType = sourcecode.swift; path = Cams.swift; sourceTree = "<group>"; };
		D2D2167F2A87F10A00068D5C /* Doors.swift */ = {isa = PBXFileReference; lastKnownFileType = sourcecode.swift; path = Doors.swift; sourceTree = "<group>"; };
		D2D43AC62A87610D00C4E477 /* UISegmentedControl+extensions.swift */ = {isa = PBXFileReference; lastKnownFileType = sourcecode.swift; path = "UISegmentedControl+extensions.swift"; sourceTree = "<group>"; };
		D2EC65162A877B88005D597F /* UIImage+extension.swift */ = {isa = PBXFileReference; lastKnownFileType = sourcecode.swift; path = "UIImage+extension.swift"; sourceTree = "<group>"; };
/* End PBXFileReference section */

/* Begin PBXFrameworksBuildPhase section */
		D2027A582A86856B00E5D94A /* Frameworks */ = {
			isa = PBXFrameworksBuildPhase;
			buildActionMask = 2147483647;
			files = (
				D290D2452A8A1299004D3BFF /* RealmSwift in Frameworks */,
				D290D2432A8A1299004D3BFF /* Realm in Frameworks */,
			);
			runOnlyForDeploymentPostprocessing = 0;
		};
/* End PBXFrameworksBuildPhase section */

/* Begin PBXGroup section */
		D2027A522A86856B00E5D94A = {
			isa = PBXGroup;
			children = (
				D2027A5D2A86856B00E5D94A /* VideoSurveillance */,
				D2027A5C2A86856B00E5D94A /* Products */,
			);
			sourceTree = "<group>";
		};
		D2027A5C2A86856B00E5D94A /* Products */ = {
			isa = PBXGroup;
			children = (
				D2027A5B2A86856B00E5D94A /* VideoSurveillance.app */,
			);
			name = Products;
			sourceTree = "<group>";
		};
		D2027A5D2A86856B00E5D94A /* VideoSurveillance */ = {
			isa = PBXGroup;
			children = (
				D2027A5E2A86856B00E5D94A /* AppDelegate.swift */,
				D2027A602A86856B00E5D94A /* SceneDelegate.swift */,
				D2C2168C2A9675D9000190F4 /* Managers */,
				D2C216892A96721B000190F4 /* Services */,
				D2D2167E2A87F09800068D5C /* Models */,
				D2EC651A2A877E1D005D597F /* ViewControllers */,
				D2EC65192A877C05005D597F /* Storyboards */,
				D28A1BEB2A86BC0C002BCEEC /* Fonts */,
				D2EC65182A877B9D005D597F /* Extensions */,
				D2027A6C2A86856D00E5D94A /* Info.plist */,
				D2027A672A86856D00E5D94A /* Assets.xcassets */,
			);
			path = VideoSurveillance;
			sourceTree = "<group>";
		};
		D222C0A52A9A802500D5FF38 /* CustomCells */ = {
			isa = PBXGroup;
			children = (
				D211C4562A87A2B2001DF7C6 /* CustomTableViewCell.swift */,
			);
			path = CustomCells;
			sourceTree = "<group>";
		};
		D28A1BEB2A86BC0C002BCEEC /* Fonts */ = {
			isa = PBXGroup;
			children = (
				D28A1BE22A86BBEF002BCEEC /* Circe-Bold.otf */,
				D28A1BE42A86BBEF002BCEEC /* Circe-ExtraBold.otf */,
				D28A1BE12A86BBEF002BCEEC /* Circel-ExtraLight.otf */,
				D28A1BE32A86BBEF002BCEEC /* Circle-Light.otf */,
				D28A1BE52A86BBEF002BCEEC /* Circle-Regular.otf */,
			);
			path = Fonts;
			sourceTree = "<group>";
		};
		D2C216892A96721B000190F4 /* Services */ = {
			isa = PBXGroup;
			children = (
				D2C216872A967199000190F4 /* Logger.swift */,
			);
			path = Services;
			sourceTree = "<group>";
		};
		D2C2168C2A9675D9000190F4 /* Managers */ = {
			isa = PBXGroup;
			children = (
				D2C2168A2A9675D4000190F4 /* DataManagerForRealm.swift */,
				D2000F042A9765BE00F60E18 /* Networkmanager.swift */,
			);
			path = Managers;
			sourceTree = "<group>";
		};
		D2D2167E2A87F09800068D5C /* Models */ = {
			isa = PBXGroup;
			children = (
				D2D2167C2A87F08B00068D5C /* Cams.swift */,
				D2D2167F2A87F10A00068D5C /* Doors.swift */,
				D290D2462A8A2DE9004D3BFF /* RealmCams.swift */,
				D253D61D2A8AA089001D7467 /* RealmDoors.swift */,
			);
			path = Models;
			sourceTree = "<group>";
		};
		D2EC65182A877B9D005D597F /* Extensions */ = {
			isa = PBXGroup;
			children = (
				D2D43AC62A87610D00C4E477 /* UISegmentedControl+extensions.swift */,
				D2EC65162A877B88005D597F /* UIImage+extension.swift */,
			);
			path = Extensions;
			sourceTree = "<group>";
		};
		D2EC65192A877C05005D597F /* Storyboards */ = {
			isa = PBXGroup;
			children = (
				D2027A642A86856B00E5D94A /* Main.storyboard */,
				D2027A692A86856D00E5D94A /* LaunchScreen.storyboard */,
			);
			path = Storyboards;
			sourceTree = "<group>";
		};
		D2EC651A2A877E1D005D597F /* ViewControllers */ = {
			isa = PBXGroup;
			children = (
				D253D61F2A8ABEA8001D7467 /* EditViewController.swift */,
				D26390702A89040B00D81059 /* MainViewController.swift */,
				D276CA922A8E43A7001DB7C8 /* IntercomeViewController.swift */,
				D222C0A52A9A802500D5FF38 /* CustomCells */,
			);
			path = ViewControllers;
			sourceTree = "<group>";
		};
/* End PBXGroup section */

/* Begin PBXNativeTarget section */
		D2027A5A2A86856B00E5D94A /* VideoSurveillance */ = {
			isa = PBXNativeTarget;
			buildConfigurationList = D2027A6F2A86856D00E5D94A /* Build configuration list for PBXNativeTarget "VideoSurveillance" */;
			buildPhases = (
				D2027A572A86856B00E5D94A /* Sources */,
				D2027A582A86856B00E5D94A /* Frameworks */,
				D2027A592A86856B00E5D94A /* Resources */,
			);
			buildRules = (
			);
			dependencies = (
			);
			name = VideoSurveillance;
			packageProductDependencies = (
				D290D2422A8A1299004D3BFF /* Realm */,
				D290D2442A8A1299004D3BFF /* RealmSwift */,
			);
			productName = VideoSurveillance;
			productReference = D2027A5B2A86856B00E5D94A /* VideoSurveillance.app */;
			productType = "com.apple.product-type.application";
		};
/* End PBXNativeTarget section */

/* Begin PBXProject section */
		D2027A532A86856B00E5D94A /* Project object */ = {
			isa = PBXProject;
			attributes = {
				BuildIndependentTargetsInParallel = 1;
				LastSwiftUpdateCheck = 1430;
				LastUpgradeCheck = 1430;
				TargetAttributes = {
					D2027A5A2A86856B00E5D94A = {
						CreatedOnToolsVersion = 14.3.1;
					};
				};
			};
			buildConfigurationList = D2027A562A86856B00E5D94A /* Build configuration list for PBXProject "VideoSurveillance" */;
			compatibilityVersion = "Xcode 14.0";
			developmentRegion = en;
			hasScannedForEncodings = 0;
			knownRegions = (
				en,
				Base,
			);
			mainGroup = D2027A522A86856B00E5D94A;
			packageReferences = (
				D290D2412A8A1299004D3BFF /* XCRemoteSwiftPackageReference "realm-swift" */,
			);
			productRefGroup = D2027A5C2A86856B00E5D94A /* Products */;
			projectDirPath = "";
			projectRoot = "";
			targets = (
				D2027A5A2A86856B00E5D94A /* VideoSurveillance */,
			);
		};
/* End PBXProject section */

/* Begin PBXResourcesBuildPhase section */
		D2027A592A86856B00E5D94A /* Resources */ = {
			isa = PBXResourcesBuildPhase;
			buildActionMask = 2147483647;
			files = (
				D28A1BE72A86BBEF002BCEEC /* Circe-Bold.otf in Resources */,
				D2027A6B2A86856D00E5D94A /* LaunchScreen.storyboard in Resources */,
				D28A1BEA2A86BBEF002BCEEC /* Circle-Regular.otf in Resources */,
				D28A1BE92A86BBEF002BCEEC /* Circe-ExtraBold.otf in Resources */,
				D28A1BE82A86BBEF002BCEEC /* Circle-Light.otf in Resources */,
				D2027A682A86856D00E5D94A /* Assets.xcassets in Resources */,
				D2027A662A86856B00E5D94A /* Main.storyboard in Resources */,
				D28A1BE62A86BBEF002BCEEC /* Circel-ExtraLight.otf in Resources */,
			);
			runOnlyForDeploymentPostprocessing = 0;
		};
/* End PBXResourcesBuildPhase section */

/* Begin PBXSourcesBuildPhase section */
		D2027A572A86856B00E5D94A /* Sources */ = {
			isa = PBXSourcesBuildPhase;
			buildActionMask = 2147483647;
			files = (
				D253D6202A8ABEA8001D7467 /* EditViewController.swift in Sources */,
				D2C216882A967199000190F4 /* Logger.swift in Sources */,
				D2D2167D2A87F08B00068D5C /* Cams.swift in Sources */,
				D253D61E2A8AA089001D7467 /* RealmDoors.swift in Sources */,
				D2027A5F2A86856B00E5D94A /* AppDelegate.swift in Sources */,
				D276CA932A8E43A7001DB7C8 /* IntercomeViewController.swift in Sources */,
				D290D2472A8A2DE9004D3BFF /* RealmCams.swift in Sources */,
				D2D216802A87F10A00068D5C /* Doors.swift in Sources */,
				D2027A612A86856B00E5D94A /* SceneDelegate.swift in Sources */,
				D2C2168B2A9675D4000190F4 /* DataManagerForRealm.swift in Sources */,
				D2EC65172A877B89005D597F /* UIImage+extension.swift in Sources */,
				D2D43AC72A87610D00C4E477 /* UISegmentedControl+extensions.swift in Sources */,
				D26390712A89040B00D81059 /* MainViewController.swift in Sources */,
				D2000F052A9765BE00F60E18 /* Networkmanager.swift in Sources */,
				D211C4572A87A2B2001DF7C6 /* CustomTableViewCell.swift in Sources */,
			);
			runOnlyForDeploymentPostprocessing = 0;
		};
/* End PBXSourcesBuildPhase section */

/* Begin PBXVariantGroup section */
		D2027A642A86856B00E5D94A /* Main.storyboard */ = {
			isa = PBXVariantGroup;
			children = (
				D2027A652A86856B00E5D94A /* Base */,
			);
			name = Main.storyboard;
			sourceTree = "<group>";
		};
		D2027A692A86856D00E5D94A /* LaunchScreen.storyboard */ = {
			isa = PBXVariantGroup;
			children = (
				D2027A6A2A86856D00E5D94A /* Base */,
			);
			name = LaunchScreen.storyboard;
			sourceTree = "<group>";
		};
/* End PBXVariantGroup section */

/* Begin XCBuildConfiguration section */
		D2027A6D2A86856D00E5D94A /* Debug */ = {
			isa = XCBuildConfiguration;
			buildSettings = {
				ALWAYS_SEARCH_USER_PATHS = NO;
				CLANG_ANALYZER_NONNULL = YES;
				CLANG_ANALYZER_NUMBER_OBJECT_CONVERSION = YES_AGGRESSIVE;
				CLANG_CXX_LANGUAGE_STANDARD = "gnu++20";
				CLANG_ENABLE_MODULES = YES;
				CLANG_ENABLE_OBJC_ARC = YES;
				CLANG_ENABLE_OBJC_WEAK = YES;
				CLANG_WARN_BLOCK_CAPTURE_AUTORELEASING = YES;
				CLANG_WARN_BOOL_CONVERSION = YES;
				CLANG_WARN_COMMA = YES;
				CLANG_WARN_CONSTANT_CONVERSION = YES;
				CLANG_WARN_DEPRECATED_OBJC_IMPLEMENTATIONS = YES;
				CLANG_WARN_DIRECT_OBJC_ISA_USAGE = YES_ERROR;
				CLANG_WARN_DOCUMENTATION_COMMENTS = YES;
				CLANG_WARN_EMPTY_BODY = YES;
				CLANG_WARN_ENUM_CONVERSION = YES;
				CLANG_WARN_INFINITE_RECURSION = YES;
				CLANG_WARN_INT_CONVERSION = YES;
				CLANG_WARN_NON_LITERAL_NULL_CONVERSION = YES;
				CLANG_WARN_OBJC_IMPLICIT_RETAIN_SELF = YES;
				CLANG_WARN_OBJC_LITERAL_CONVERSION = YES;
				CLANG_WARN_OBJC_ROOT_CLASS = YES_ERROR;
				CLANG_WARN_QUOTED_INCLUDE_IN_FRAMEWORK_HEADER = YES;
				CLANG_WARN_RANGE_LOOP_ANALYSIS = YES;
				CLANG_WARN_STRICT_PROTOTYPES = YES;
				CLANG_WARN_SUSPICIOUS_MOVE = YES;
				CLANG_WARN_UNGUARDED_AVAILABILITY = YES_AGGRESSIVE;
				CLANG_WARN_UNREACHABLE_CODE = YES;
				CLANG_WARN__DUPLICATE_METHOD_MATCH = YES;
				COPY_PHASE_STRIP = NO;
				DEBUG_INFORMATION_FORMAT = dwarf;
				ENABLE_STRICT_OBJC_MSGSEND = YES;
				ENABLE_TESTABILITY = YES;
				GCC_C_LANGUAGE_STANDARD = gnu11;
				GCC_DYNAMIC_NO_PIC = NO;
				GCC_NO_COMMON_BLOCKS = YES;
				GCC_OPTIMIZATION_LEVEL = 0;
				GCC_PREPROCESSOR_DEFINITIONS = (
					"DEBUG=1",
					"$(inherited)",
				);
				GCC_WARN_64_TO_32_BIT_CONVERSION = YES;
				GCC_WARN_ABOUT_RETURN_TYPE = YES_ERROR;
				GCC_WARN_UNDECLARED_SELECTOR = YES;
				GCC_WARN_UNINITIALIZED_AUTOS = YES_AGGRESSIVE;
				GCC_WARN_UNUSED_FUNCTION = YES;
				GCC_WARN_UNUSED_VARIABLE = YES;
				IPHONEOS_DEPLOYMENT_TARGET = 16.4;
				MTL_ENABLE_DEBUG_INFO = INCLUDE_SOURCE;
				MTL_FAST_MATH = YES;
				ONLY_ACTIVE_ARCH = YES;
				SDKROOT = iphoneos;
				SWIFT_ACTIVE_COMPILATION_CONDITIONS = DEBUG;
				SWIFT_OPTIMIZATION_LEVEL = "-Onone";
			};
			name = Debug;
		};
		D2027A6E2A86856D00E5D94A /* Release */ = {
			isa = XCBuildConfiguration;
			buildSettings = {
				ALWAYS_SEARCH_USER_PATHS = NO;
				CLANG_ANALYZER_NONNULL = YES;
				CLANG_ANALYZER_NUMBER_OBJECT_CONVERSION = YES_AGGRESSIVE;
				CLANG_CXX_LANGUAGE_STANDARD = "gnu++20";
				CLANG_ENABLE_MODULES = YES;
				CLANG_ENABLE_OBJC_ARC = YES;
				CLANG_ENABLE_OBJC_WEAK = YES;
				CLANG_WARN_BLOCK_CAPTURE_AUTORELEASING = YES;
				CLANG_WARN_BOOL_CONVERSION = YES;
				CLANG_WARN_COMMA = YES;
				CLANG_WARN_CONSTANT_CONVERSION = YES;
				CLANG_WARN_DEPRECATED_OBJC_IMPLEMENTATIONS = YES;
				CLANG_WARN_DIRECT_OBJC_ISA_USAGE = YES_ERROR;
				CLANG_WARN_DOCUMENTATION_COMMENTS = YES;
				CLANG_WARN_EMPTY_BODY = YES;
				CLANG_WARN_ENUM_CONVERSION = YES;
				CLANG_WARN_INFINITE_RECURSION = YES;
				CLANG_WARN_INT_CONVERSION = YES;
				CLANG_WARN_NON_LITERAL_NULL_CONVERSION = YES;
				CLANG_WARN_OBJC_IMPLICIT_RETAIN_SELF = YES;
				CLANG_WARN_OBJC_LITERAL_CONVERSION = YES;
				CLANG_WARN_OBJC_ROOT_CLASS = YES_ERROR;
				CLANG_WARN_QUOTED_INCLUDE_IN_FRAMEWORK_HEADER = YES;
				CLANG_WARN_RANGE_LOOP_ANALYSIS = YES;
				CLANG_WARN_STRICT_PROTOTYPES = YES;
				CLANG_WARN_SUSPICIOUS_MOVE = YES;
				CLANG_WARN_UNGUARDED_AVAILABILITY = YES_AGGRESSIVE;
				CLANG_WARN_UNREACHABLE_CODE = YES;
				CLANG_WARN__DUPLICATE_METHOD_MATCH = YES;
				COPY_PHASE_STRIP = NO;
				DEBUG_INFORMATION_FORMAT = "dwarf-with-dsym";
				ENABLE_NS_ASSERTIONS = NO;
				ENABLE_STRICT_OBJC_MSGSEND = YES;
				GCC_C_LANGUAGE_STANDARD = gnu11;
				GCC_NO_COMMON_BLOCKS = YES;
				GCC_WARN_64_TO_32_BIT_CONVERSION = YES;
				GCC_WARN_ABOUT_RETURN_TYPE = YES_ERROR;
				GCC_WARN_UNDECLARED_SELECTOR = YES;
				GCC_WARN_UNINITIALIZED_AUTOS = YES_AGGRESSIVE;
				GCC_WARN_UNUSED_FUNCTION = YES;
				GCC_WARN_UNUSED_VARIABLE = YES;
				IPHONEOS_DEPLOYMENT_TARGET = 16.4;
				MTL_ENABLE_DEBUG_INFO = NO;
				MTL_FAST_MATH = YES;
				SDKROOT = iphoneos;
				SWIFT_COMPILATION_MODE = wholemodule;
				SWIFT_OPTIMIZATION_LEVEL = "-O";
				VALIDATE_PRODUCT = YES;
			};
			name = Release;
		};
		D2027A702A86856D00E5D94A /* Debug */ = {
			isa = XCBuildConfiguration;
			buildSettings = {
				ASSETCATALOG_COMPILER_APPICON_NAME = AppIcon;
				ASSETCATALOG_COMPILER_GLOBAL_ACCENT_COLOR_NAME = AccentColor;
				CODE_SIGN_STYLE = Automatic;
				CURRENT_PROJECT_VERSION = 1;
				DEVELOPMENT_TEAM = H993X64HVL;
				GENERATE_INFOPLIST_FILE = YES;
				INFOPLIST_FILE = VideoSurveillance/Info.plist;
				INFOPLIST_KEY_UIApplicationSupportsIndirectInputEvents = YES;
				INFOPLIST_KEY_UILaunchStoryboardName = LaunchScreen;
				INFOPLIST_KEY_UIMainStoryboardFile = Main;
				INFOPLIST_KEY_UISupportedInterfaceOrientations = UIInterfaceOrientationPortrait;
				INFOPLIST_KEY_UISupportedInterfaceOrientations_iPad = "UIInterfaceOrientationLandscapeLeft UIInterfaceOrientationLandscapeRight UIInterfaceOrientationPortrait UIInterfaceOrientationPortraitUpsideDown";
				IPHONEOS_DEPLOYMENT_TARGET = 16.0;
				LD_RUNPATH_SEARCH_PATHS = (
					"$(inherited)",
					"@executable_path/Frameworks",
				);
				MARKETING_VERSION = 1.0;
				PRODUCT_BUNDLE_IDENTIFIER = "Yury-Lebedev.VideoSurveillance";
				PRODUCT_NAME = "$(TARGET_NAME)";
				SUPPORTED_PLATFORMS = "iphoneos iphonesimulator";
				SUPPORTS_MACCATALYST = NO;
				SUPPORTS_MAC_DESIGNED_FOR_IPHONE_IPAD = NO;
				SWIFT_EMIT_LOC_STRINGS = YES;
				SWIFT_VERSION = 5.0;
				TARGETED_DEVICE_FAMILY = 1;
			};
			name = Debug;
		};
		D2027A712A86856D00E5D94A /* Release */ = {
			isa = XCBuildConfiguration;
			buildSettings = {
				ASSETCATALOG_COMPILER_APPICON_NAME = AppIcon;
				ASSETCATALOG_COMPILER_GLOBAL_ACCENT_COLOR_NAME = AccentColor;
				CODE_SIGN_STYLE = Automatic;
				CURRENT_PROJECT_VERSION = 1;
				DEVELOPMENT_TEAM = H993X64HVL;
				GENERATE_INFOPLIST_FILE = YES;
				INFOPLIST_FILE = VideoSurveillance/Info.plist;
				INFOPLIST_KEY_UIApplicationSupportsIndirectInputEvents = YES;
				INFOPLIST_KEY_UILaunchStoryboardName = LaunchScreen;
				INFOPLIST_KEY_UIMainStoryboardFile = Main;
				INFOPLIST_KEY_UISupportedInterfaceOrientations = UIInterfaceOrientationPortrait;
				INFOPLIST_KEY_UISupportedInterfaceOrientations_iPad = "UIInterfaceOrientationLandscapeLeft UIInterfaceOrientationLandscapeRight UIInterfaceOrientationPortrait UIInterfaceOrientationPortraitUpsideDown";
				IPHONEOS_DEPLOYMENT_TARGET = 16.0;
				LD_RUNPATH_SEARCH_PATHS = (
					"$(inherited)",
					"@executable_path/Frameworks",
				);
				MARKETING_VERSION = 1.0;
				PRODUCT_BUNDLE_IDENTIFIER = "Yury-Lebedev.VideoSurveillance";
				PRODUCT_NAME = "$(TARGET_NAME)";
				SUPPORTED_PLATFORMS = "iphoneos iphonesimulator";
				SUPPORTS_MACCATALYST = NO;
				SUPPORTS_MAC_DESIGNED_FOR_IPHONE_IPAD = NO;
				SWIFT_EMIT_LOC_STRINGS = YES;
				SWIFT_VERSION = 5.0;
				TARGETED_DEVICE_FAMILY = 1;
			};
			name = Release;
		};
/* End XCBuildConfiguration section */

/* Begin XCConfigurationList section */
		D2027A562A86856B00E5D94A /* Build configuration list for PBXProject "VideoSurveillance" */ = {
			isa = XCConfigurationList;
			buildConfigurations = (
				D2027A6D2A86856D00E5D94A /* Debug */,
				D2027A6E2A86856D00E5D94A /* Release */,
			);
			defaultConfigurationIsVisible = 0;
			defaultConfigurationName = Release;
		};
		D2027A6F2A86856D00E5D94A /* Build configuration list for PBXNativeTarget "VideoSurveillance" */ = {
			isa = XCConfigurationList;
			buildConfigurations = (
				D2027A702A86856D00E5D94A /* Debug */,
				D2027A712A86856D00E5D94A /* Release */,
			);
			defaultConfigurationIsVisible = 0;
			defaultConfigurationName = Release;
		};
/* End XCConfigurationList section */

/* Begin XCRemoteSwiftPackageReference section */
		D290D2412A8A1299004D3BFF /* XCRemoteSwiftPackageReference "realm-swift" */ = {
			isa = XCRemoteSwiftPackageReference;
			repositoryURL = "https://github.com/realm/realm-swift.git";
			requirement = {
				kind = upToNextMajorVersion;
				minimumVersion = 10.42.0;
			};
		};
/* End XCRemoteSwiftPackageReference section */

/* Begin XCSwiftPackageProductDependency section */
		D290D2422A8A1299004D3BFF /* Realm */ = {
			isa = XCSwiftPackageProductDependency;
			package = D290D2412A8A1299004D3BFF /* XCRemoteSwiftPackageReference "realm-swift" */;
			productName = Realm;
		};
		D290D2442A8A1299004D3BFF /* RealmSwift */ = {
			isa = XCSwiftPackageProductDependency;
			package = D290D2412A8A1299004D3BFF /* XCRemoteSwiftPackageReference "realm-swift" */;
			productName = RealmSwift;
		};
/* End XCSwiftPackageProductDependency section */
	};
	rootObject = D2027A532A86856B00E5D94A /* Project object */;
}
